# This file is autogenerated, do not edit; changes may be undone by the next 'dep ensure'.


[[projects]]
  name = "github.com/ghodss/yaml"
  packages = ["."]
  revision = "0ca9ea5df5451ffdf184b4428c902747c2c11cd7"
  version = "v1.0.0"

[[projects]]
  branch = "mergerepos2"
  name = "github.com/gonum/gonum"
  packages = ["graph/formats/dot","graph/formats/dot/ast","graph/formats/dot/internal/astx","graph/formats/dot/internal/errors","graph/formats/dot/internal/lexer","graph/formats/dot/internal/parser","graph/formats/dot/internal/token"]
  revision = "e1fa1dcb898917f8c1b074f3ac3256acc941b4d2"

[[projects]]
  name = "github.com/inconshreveable/mousetrap"
  packages = ["."]
  revision = "76626ae9c91c4f2a10f34cad8ce83ea42c93bb75"
  version = "v1.0"

[[projects]]
  branch = "master"
  name = "github.com/logrusorgru/aurora"
  packages = ["."]
  revision = "ca24023cc0175fdf372518cb1c5062cc86db2634"

[[projects]]
  branch = "master"
  name = "github.com/mitchellh/mapstructure"
  packages = ["."]
  revision = "a4e142e9c047c904fa2f1e144d9a84e6133024bc"

[[projects]]
  branch = "master"
  name = "github.com/spf13/cobra"
  packages = ["."]
  revision = "fd32f09af19efc9b1279c54e0d8ed23f66232a15"

[[projects]]
  branch = "master"
  name = "github.com/spf13/pflag"
  packages = ["."]
  revision = "6a877ebacf28c5fc79846f4fcd380a5d9872b997"

[[projects]]
  branch = "v2"
  name = "gopkg.in/yaml.v2"
  packages = ["."]
  revision = "d670f9405373e636a5a2765eea47fac0c9bc91a4"

[solve-meta]
  analyzer-name = "dep"
  analyzer-version = 1
  inputs-digest = "3073c2b3862f82859f3c01f1bd683886125db80b6b4f8d15838caefa6ef704df"
  solver-name = "gps-cdcl"
  solver-version = 1
